
Microsoft Visual Studio Solution File, Format Version 12.00
# Visual Studio Version 16
VisualStudioVersion = 16.0.33130.400
MinimumVisualStudioVersion = 10.0.40219.1
Project("{FAE04EC0-301F-11D3-BF4B-00C04F79EFBC}") = "WinFormsApp1", "WinFormsApp1\WinFormsApp1.csproj", "{AC211616-9E5E-44D2-8A78-8AB8F5DFC80C}"
EndProject
Global
	GlobalSection(SolutionConfigurationPlatforms) = preSolution
		Debug|Any CPU = Debug|Any CPU
		Release|Any CPU = Release|Any CPU
	EndGlobalSection
	GlobalSection(ProjectConfigurationPlatforms) = postSolution
		{AC211616-9E5E-44D2-8A78-8AB8F5DFC80C}.Debug|Any CPU.ActiveCfg = Debug|Any CPU
		{AC211616-9E5E-44D2-8A78-8AB8F5DFC80C}.Debug|Any CPU.Build.0 = Debug|Any CPU
		{AC211616-9E5E-44D2-8A78-8AB8F5DFC80C}.Release|Any CPU.ActiveCfg = Release|Any CPU
		{AC211616-9E5E-44D2-8A78-8AB8F5DFC80C}.Release|Any CPU.Build.0 = Release|Any CPU
	EndGlobalSection
	GlobalSection(SolutionProperties) = preSolution
		HideSolutionNode = FALSE
	EndGlobalSection
	GlobalSection(ExtensibilityGlobals) = postSolution
		SolutionGuid = {7CD00B7A-AB7F-4977-B1EF-0D47985F5068}
	EndGlobalSection
EndGlobal
